
Microsoft Visual Studio Solution File, Format Version 12.00
# Visual Studio 15
VisualStudioVersion = 15.0.27004.2010
MinimumVisualStudioVersion = 10.0.40219.1
Project("{9A19103F-16F7-4668-BE54-9A1E7A4F7556}") = "Demo.Buisness", "Demo.Buisness\Demo.Buisness.csproj", "{5B14FF33-E6C3-4154-9352-93250BE70FB9}"
EndProject
Project("{9A19103F-16F7-4668-BE54-9A1E7A4F7556}") = "Demo.DataAccess", "Demo.DataAccess\Demo.DataAccess.csproj", "{75F0E29D-7A70-42EF-8805-6C52791FB324}"
EndProject
Project("{9A19103F-16F7-4668-BE54-9A1E7A4F7556}") = "Demo.DTO", "Demo.DTO\Demo.DTO.csproj", "{24E949DB-9582-4137-BB1C-6FB03C61C92A}"
EndProject
Project("{2150E333-8FDC-42A3-9474-1A3956D46DE8}") = "Documentation", "Documentation", "{303BAA2B-F24F-4EF1-BBDB-96E30050AFAC}"
	ProjectSection(SolutionItems) = preProject
		Documentation\Demo ER Diagram.vsdx = Documentation\Demo ER Diagram.vsdx
		Demo.App\Demo_log.ldf = Demo.App\Demo_log.ldf
	EndProjectSection
EndProject
Project("{FAE04EC0-301F-11D3-BF4B-00C04F79EFBC}") = "Demo.API", "Demo.API\Demo.API.csproj", "{BC1E14D5-14F0-46A6-BF8B-2E1A93D7E16A}"
EndProject
Project("{E24C65DC-7377-472B-9ABA-BC803B73C61A}") = "Demo.UI(1)", "Demo.UI\", "{0950F289-DB48-4869-9481-0110834A687E}"
	ProjectSection(WebsiteProperties) = preProject
		TargetFrameworkMoniker = ".NETFramework,Version%3Dv4.0"
		Debug.AspNetCompiler.VirtualPath = "/localhost_58355"
		Debug.AspNetCompiler.PhysicalPath = "Demo.UI\"
		Debug.AspNetCompiler.TargetPath = "PrecompiledWeb\localhost_58355\"
		Debug.AspNetCompiler.Updateable = "true"
		Debug.AspNetCompiler.ForceOverwrite = "true"
		Debug.AspNetCompiler.FixedNames = "false"
		Debug.AspNetCompiler.Debug = "True"
		Release.AspNetCompiler.VirtualPath = "/localhost_58355"
		Release.AspNetCompiler.PhysicalPath = "Demo.UI\"
		Release.AspNetCompiler.TargetPath = "PrecompiledWeb\localhost_58355\"
		Release.AspNetCompiler.Updateable = "true"
		Release.AspNetCompiler.ForceOverwrite = "true"
		Release.AspNetCompiler.FixedNames = "false"
		Release.AspNetCompiler.Debug = "False"
		VWDPort = "58355"
		SlnRelativePath = "Demo.UI\"
	EndProjectSection
EndProject
Global
	GlobalSection(SolutionConfigurationPlatforms) = preSolution
		Debug|Any CPU = Debug|Any CPU
		Release|Any CPU = Release|Any CPU
	EndGlobalSection
	GlobalSection(ProjectConfigurationPlatforms) = postSolution
		{5B14FF33-E6C3-4154-9352-93250BE70FB9}.Debug|Any CPU.ActiveCfg = Debug|Any CPU
		{5B14FF33-E6C3-4154-9352-93250BE70FB9}.Debug|Any CPU.Build.0 = Debug|Any CPU
		{5B14FF33-E6C3-4154-9352-93250BE70FB9}.Release|Any CPU.ActiveCfg = Release|Any CPU
		{5B14FF33-E6C3-4154-9352-93250BE70FB9}.Release|Any CPU.Build.0 = Release|Any CPU
		{75F0E29D-7A70-42EF-8805-6C52791FB324}.Debug|Any CPU.ActiveCfg = Debug|Any CPU
		{75F0E29D-7A70-42EF-8805-6C52791FB324}.Debug|Any CPU.Build.0 = Debug|Any CPU
		{75F0E29D-7A70-42EF-8805-6C52791FB324}.Release|Any CPU.ActiveCfg = Release|Any CPU
		{75F0E29D-7A70-42EF-8805-6C52791FB324}.Release|Any CPU.Build.0 = Release|Any CPU
		{24E949DB-9582-4137-BB1C-6FB03C61C92A}.Debug|Any CPU.ActiveCfg = Debug|Any CPU
		{24E949DB-9582-4137-BB1C-6FB03C61C92A}.Debug|Any CPU.Build.0 = Debug|Any CPU
		{24E949DB-9582-4137-BB1C-6FB03C61C92A}.Release|Any CPU.ActiveCfg = Release|Any CPU
		{24E949DB-9582-4137-BB1C-6FB03C61C92A}.Release|Any CPU.Build.0 = Release|Any CPU
		{BC1E14D5-14F0-46A6-BF8B-2E1A93D7E16A}.Debug|Any CPU.ActiveCfg = Debug|Any CPU
		{BC1E14D5-14F0-46A6-BF8B-2E1A93D7E16A}.Debug|Any CPU.Build.0 = Debug|Any CPU
		{BC1E14D5-14F0-46A6-BF8B-2E1A93D7E16A}.Release|Any CPU.ActiveCfg = Release|Any CPU
		{BC1E14D5-14F0-46A6-BF8B-2E1A93D7E16A}.Release|Any CPU.Build.0 = Release|Any CPU
		{0950F289-DB48-4869-9481-0110834A687E}.Debug|Any CPU.ActiveCfg = Debug|Any CPU
		{0950F289-DB48-4869-9481-0110834A687E}.Debug|Any CPU.Build.0 = Debug|Any CPU
		{0950F289-DB48-4869-9481-0110834A687E}.Release|Any CPU.ActiveCfg = Debug|Any CPU
		{0950F289-DB48-4869-9481-0110834A687E}.Release|Any CPU.Build.0 = Debug|Any CPU
	EndGlobalSection
	GlobalSection(SolutionProperties) = preSolution
		HideSolutionNode = FALSE
	EndGlobalSection
	GlobalSection(ExtensibilityGlobals) = postSolution
		SolutionGuid = {24BF6C63-C6CB-4816-9933-3FBB30542B25}
	EndGlobalSection
EndGlobal
